
Microsoft Visual Studio Solution File, Format Version 12.00
# Visual Studio Version 17
VisualStudioVersion = 17.14.36109.1
MinimumVisualStudioVersion = 10.0.40219.1
Project("{FAE04EC0-301F-11D3-BF4B-00C04F79EFBC}") = "Icon-Automation-Libs", "icon-automation-libs\Icon-Automation-Libs.csproj", "{9229763F-B2AF-4422-BDA9-F1A6CB1AC937}"
EndProject
Project("{FAE04EC0-301F-11D3-BF4B-00C04F79EFBC}") = "Icon-Automation-Specs", "Icon-Automation-Specs\Icon-Automation-Specs.csproj", "{44F41280-B110-4782-BE4A-40ACDBF24C8B}"
EndProject
Global
	GlobalSection(SolutionConfigurationPlatforms) = preSolution
		Debug|Any CPU = Debug|Any CPU
		Release|Any CPU = Release|Any CPU
	EndGlobalSection
	GlobalSection(ProjectConfigurationPlatforms) = postSolution
		{9229763F-B2AF-4422-BDA9-F1A6CB1AC937}.Debug|Any CPU.ActiveCfg = Debug|Any CPU
		{9229763F-B2AF-4422-BDA9-F1A6CB1AC937}.Debug|Any CPU.Build.0 = Debug|Any CPU
		{9229763F-B2AF-4422-BDA9-F1A6CB1AC937}.Release|Any CPU.ActiveCfg = Release|Any CPU
		{9229763F-B2AF-4422-BDA9-F1A6CB1AC937}.Release|Any CPU.Build.0 = Release|Any CPU
		{44F41280-B110-4782-BE4A-40ACDBF24C8B}.Debug|Any CPU.ActiveCfg = Debug|Any CPU
		{44F41280-B110-4782-BE4A-40ACDBF24C8B}.Debug|Any CPU.Build.0 = Debug|Any CPU
		{44F41280-B110-4782-BE4A-40ACDBF24C8B}.Release|Any CPU.ActiveCfg = Release|Any CPU
		{44F41280-B110-4782-BE4A-40ACDBF24C8B}.Release|Any CPU.Build.0 = Release|Any CPU
	EndGlobalSection
	GlobalSection(SolutionProperties) = preSolution
		HideSolutionNode = FALSE
	EndGlobalSection
	GlobalSection(ExtensibilityGlobals) = postSolution
		SolutionGuid = {599ED596-8E74-49A9-A28C-F72EA584AAB6}
	EndGlobalSection
EndGlobal
